{
    "_meta": {
        "hash": {
            "sha256": "38425fe98e0a2e32a0694f8afb1c872ac2aa69d21552a748f89090a88b7ab580"
        },
        "requires": {},
        "sources": [
            {
                "url": "https://pypi.python.org/simple",
                "verify_ssl": true
            }
        ]
    },
    "default": {
        "backpack": {
            "version": "==0.1"
        },
        "blinker": {
            "version": "==1.4"
        },
        "certifi": {
            "version": "==2017.4.17"
        },
        "chardet": {
            "version": "==3.0.3"
        },
        "cleo": {
            "version": "==0.6.0"
        },
        "faker": {
            "version": "==0.7.12"
        },
        "idna": {
            "version": "==2.5"
        },
        "inflection": {
            "version": "==0.3.1"
        },
        "lazy-object-proxy": {
            "version": "==1.3.1"
        },
        "orator": {
            "version": "==0.9.7"
        },
        "pastel": {
            "version": "==0.1.0"
        },
        "pendulum": {
            "version": "==1.2.1"
        },
        "psutil": {
            "version": "==5.2.2"
        },
        "pyaml": {
            "version": "==16.12.2"
        },
        "pygments": {
            "version": "==2.2.0"
        },
        "pylev": {
            "version": "==1.3.0"
        },
        "python-dateutil": {
            "version": "==2.6.0"
        },
        "pytz": {
            "version": "==2017.2"
        },
        "pytzdata": {
            "version": "==2017.2"
        },
        "pyyaml": {
            "version": "==3.12"
        },
        "requests": {
            "version": "==2.16.5"
        },
        "simplejson": {
            "version": "==3.10.0"
        },
        "six": {
            "version": "==1.10.0"
        },
        "tzlocal": {
            "version": "==1.4"
        },
        "urllib3": {
            "version": "==1.21.1"
        },
        "werkzeug": {
            "version": "==0.12.2"
        },
        "wrapt": {
            "version": "==1.10.10"
        }
    },
    "develop": {
        "appdirs": {
            "version": "==1.4.3"
        },
        "decorator": {
            "version": "==4.0.11"
        },
        "ipdb": {
            "version": "==0.10.3"
        },
        "ipython": {
            "version": "==6.0.0"
        },
        "ipython-genutils": {
            "version": "==0.2.0"
        },
        "jedi": {
            "version": "==0.10.2"
        },
        "mypy": {
            "version": "==0.511"
        },
        "packaging": {
            "version": "==16.8"
        },
        "pexpect": {
            "version": "==4.2.1"
        },
        "pickleshare": {
            "version": "==0.7.4"
        },
        "prompt-toolkit": {
            "version": "==1.0.14"
        },
        "ptyprocess": {
            "version": "==0.5.1"
        },
        "pygments": {
            "version": "==2.2.0"
        },
        "pyparsing": {
            "version": "==2.2.0"
        },
        "setuptools": {
            "version": "==35.0.2"
        },
        "simplegeneric": {
            "version": "==0.8.1"
        },
        "six": {
            "version": "==1.10.0"
        },
        "traitlets": {
            "version": "==4.3.2"
        },
        "typed-ast": {
            "version": "==1.0.3"
        },
        "wcwidth": {
            "version": "==0.1.7"
        }
    }
}
