{
    "_meta": {
        "hash": {
            "sha256": "d2ce63a8e3a7468cdef7787e113496ed4dab05197f6b95ffd34fe14c827563a1"
        },
        "requires": {},
        "sources": [
            {
                "url": "https://pypi.python.org/simple",
                "verify_ssl": true
            }
        ]
    },
    "default": {
        "werkzeug": {
            "version": "==0.12.2"
        }
    },
    "develop": {
        "backports.shutil-get-terminal-size": {
            "version": "==1.0.0"
        },
        "certifi": {
            "version": "==2017.4.17"
        },
        "chardet": {
            "version": "==3.0.4"
        },
        "configparser": {
            "version": "==3.5.0"
        },
        "coverage": {
            "version": "==4.4.1"
        },
        "decorator": {
            "version": "==4.0.11"
        },
        "enum34": {
            "version": "==1.1.6"
        },
        "flake8": {
            "version": "==3.3.0"
        },
        "idna": {
            "version": "==2.5"
        },
        "ipdb": {
            "version": "==0.10.3"
        },
        "ipython": {
            "version": "==5.4.1"
        },
        "ipython-genutils": {
            "version": "==0.2.0"
        },
        "mccabe": {
            "version": "==0.6.1"
        },
        "mypy": {
            "version": "==0.511"
        },
        "pathlib2": {
            "version": "==2.3.0"
        },
        "pexpect": {
            "version": "==4.2.1"
        },
        "pickleshare": {
            "version": "==0.7.4"
        },
        "pkginfo": {
            "version": "==1.4.1"
        },
        "prompt-toolkit": {
            "version": "==1.0.14"
        },
        "ptyprocess": {
            "version": "==0.5.1"
        },
        "py": {
            "version": "==1.4.34"
        },
        "pycodestyle": {
            "version": "==2.3.1"
        },
        "pyflakes": {
            "version": "==1.5.0"
        },
        "pygments": {
            "version": "==2.2.0"
        },
        "pytest": {
            "version": "==3.1.2"
        },
        "pytest-cov": {
            "version": "==2.5.1"
        },
        "pytest-flake8": {
            "version": "==0.8.1"
        },
        "requests": {
            "version": "==2.18.1"
        },
        "requests-toolbelt": {
            "version": "==0.8.0"
        },
        "scandir": {
            "version": "==1.5"
        },
        "setuptools": {
            "version": "==36.0.1"
        },
        "simplegeneric": {
            "version": "==0.8.1"
        },
        "six": {
            "version": "==1.10.0"
        },
        "tqdm": {
            "version": "==4.14.0"
        },
        "traitlets": {
            "version": "==4.3.2"
        },
        "twine": {
            "version": "==1.9.1"
        },
        "urllib3": {
            "version": "==1.21.1"
        },
        "wcwidth": {
            "version": "==0.1.7"
        },
        "wheel": {
            "version": "==0.29.0"
        }
    }
}
